
Microsoft Visual Studio Solution File, Format Version 12.00
# Visual Studio 15
VisualStudioVersion = 15.0.26730.16
MinimumVisualStudioVersion = 10.0.40219.1
Project("{FAE04EC0-301F-11D3-BF4B-00C04F79EFBC}") = "place", "place\place.csproj", "{2F687179-7B96-462B-921B-EA76CF525420}"
EndProject
Global
	GlobalSection(SolutionConfigurationPlatforms) = preSolution
		Debug|Any CPU = Debug|Any CPU
		Release|Any CPU = Release|Any CPU
	EndGlobalSection
	GlobalSection(ProjectConfigurationPlatforms) = postSolution
		{2F687179-7B96-462B-921B-EA76CF525420}.Debug|Any CPU.ActiveCfg = Debug|Any CPU
		{2F687179-7B96-462B-921B-EA76CF525420}.Debug|Any CPU.Build.0 = Debug|Any CPU
		{2F687179-7B96-462B-921B-EA76CF525420}.Release|Any CPU.ActiveCfg = Release|Any CPU
		{2F687179-7B96-462B-921B-EA76CF525420}.Release|Any CPU.Build.0 = Release|Any CPU
	EndGlobalSection
	GlobalSection(SolutionProperties) = preSolution
		HideSolutionNode = FALSE
	EndGlobalSection
	GlobalSection(ExtensibilityGlobals) = postSolution
		SolutionGuid = {EE74835D-E2A2-412D-BAA4-A7FB553A533E}
	EndGlobalSection
EndGlobal
